
Microsoft Visual Studio Solution File, Format Version 12.00
# Visual Studio 2012
Project("{FAE04EC0-301F-11D3-BF4B-00C04F79EFBC}") = "jflcs", "jflcs.csproj", "{44DD36B7-94B4-4A75-866B-043F00550B7F}"
EndProject
Global
	GlobalSection(SolutionConfigurationPlatforms) = preSolution
		Release|Any CPU = Release|Any CPU
		Debug|Any CPU = Debug|Any CPU
	EndGlobalSection
	GlobalSection(ProjectConfigurationPlatforms) = postSolution
		{44DD36B7-94B4-4A75-866B-043F00550B7F}.Debug|Any CPU.ActiveCfg = Debug|Any CPU
		{44DD36B7-94B4-4A75-866B-043F00550B7F}.Debug|Any CPU.Build.0 = Debug|Any CPU
		{44DD36B7-94B4-4A75-866B-043F00550B7F}.Release|Any CPU.ActiveCfg = Release|Any CPU
		{44DD36B7-94B4-4A75-866B-043F00550B7F}.Release|Any CPU.Build.0 = Release|Any CPU
	EndGlobalSection
	GlobalSection(MonoDevelopProperties) = preSolution
		StartupItem = jflcs.csproj
	EndGlobalSection
EndGlobal
